Microsoft Visual Studio Solution File, Format Version 12.00
# Visual Studio Version 17
VisualStudioVersion = 17.0.31903.59
MinimumVisualStudioVersion = 10.0.40219.1
Project("{9A19103F-16F7-4668-BE54-9A1E7A4F7556}") = "ExamSystem.Domain", "ExamSystem.Domain\ExamSystem.Domain.csproj", "{DD1883EC-5ADD-403E-9511-37EC6CAF7628}"
EndProject
Project("{9A19103F-16F7-4668-BE54-9A1E7A4F7556}") = "ExamSystem.Infrastructure", "ExamSystem.Infrastructure\ExamSystem.Infrastructure.csproj", "{514C8AE8-F95D-4556-8613-0A730B09CA8D}"
EndProject
Project("{9A19103F-16F7-4668-BE54-9A1E7A4F7556}") = "ExamSystem.Services", "ExamSystem.Services\ExamSystem.Services.csproj", "{8204BD73-1800-4332-8773-B5FDE0A2FDE6}"
EndProject
Global
	GlobalSection(SolutionConfigurationPlatforms) = preSolution
		Debug|Any CPU = Debug|Any CPU
		Release|Any CPU = Release|Any CPU
	EndGlobalSection
	GlobalSection(ProjectConfigurationPlatforms) = postSolution
		{DD1883EC-5ADD-403E-9511-37EC6CAF7628}.Debug|Any CPU.ActiveCfg = Debug|Any CPU
		{DD1883EC-5ADD-403E-9511-37EC6CAF7628}.Debug|Any CPU.Build.0 = Debug|Any CPU
		{DD1883EC-5ADD-403E-9511-37EC6CAF7628}.Release|Any CPU.ActiveCfg = Release|Any CPU
		{DD1883EC-5ADD-403E-9511-37EC6CAF7628}.Release|Any CPU.Build.0 = Release|Any CPU
		{514C8AE8-F95D-4556-8613-0A730B09CA8D}.Debug|Any CPU.ActiveCfg = Debug|Any CPU
		{514C8AE8-F95D-4556-8613-0A730B09CA8D}.Debug|Any CPU.Build.0 = Debug|Any CPU
		{514C8AE8-F95D-4556-8613-0A730B09CA8D}.Release|Any CPU.ActiveCfg = Release|Any CPU
		{514C8AE8-F95D-4556-8613-0A730B09CA8D}.Release|Any CPU.Build.0 = Release|Any CPU
		{8204BD73-1800-4332-8773-B5FDE0A2FDE6}.Debug|Any CPU.ActiveCfg = Debug|Any CPU
		{8204BD73-1800-4332-8773-B5FDE0A2FDE6}.Debug|Any CPU.Build.0 = Debug|Any CPU
		{8204BD73-1800-4332-8773-B5FDE0A2FDE6}.Release|Any CPU.ActiveCfg = Release|Any CPU
		{8204BD73-1800-4332-8773-B5FDE0A2FDE6}.Release|Any CPU.Build.0 = Release|Any CPU
	EndGlobalSection
	GlobalSection(SolutionProperties) = preSolution
		HideSolutionNode = FALSE
	EndGlobalSection
	GlobalSection(ExtensibilityGlobals) = postSolution
		SolutionGuid = {C6489017-29BE-4C7E-852E-B27B32F76387}
	EndGlobalSection
EndGlobal
